// !$*UTF8*$!
{
	archiveVersion = 1;
	classes = {
	};
	objectVersion = 46;
	objects = {

/* Begin PBXBuildFile section */
		0820AC25182B363800F7B9E9 /* SettingsViewController.m in Sources */ = {isa = PBXBuildFile; fileRef = 0820AC24182B363800F7B9E9 /* SettingsViewController.m */; };
		088A986218234CCE001B1602 /* DataClass.m in Sources */ = {isa = PBXBuildFile; fileRef = 088A986118234CCE001B1602 /* DataClass.m */; };
		08ABEE3C18284645002B46FB /* AboutViewController.m in Sources */ = {isa = PBXBuildFile; fileRef = 08ABEE3B18284645002B46FB /* AboutViewController.m */; };
		08C0345418247D3800D749C7 /* Meeting.m in Sources */ = {isa = PBXBuildFile; fileRef = 08C0345318247D3800D749C7 /* Meeting.m */; };
		08C034571824A99300D749C7 /* Person.m in Sources */ = {isa = PBXBuildFile; fileRef = 08C034561824A99300D749C7 /* Person.m */; };
		08C0345A1824AD4B00D749C7 /* File.m in Sources */ = {isa = PBXBuildFile; fileRef = 08C034591824AD4B00D749C7 /* File.m */; };
		08EA44C0182B04A20065DAEA /* button-linkedin.jpg in Resources */ = {isa = PBXBuildFile; fileRef = 08EA44BE182B04A20065DAEA /* button-linkedin.jpg */; };
		08EA44C1182B04A20065DAEA /* google.jpg in Resources */ = {isa = PBXBuildFile; fileRef = 08EA44BF182B04A20065DAEA /* google.jpg */; };
		08EA44CB182B330F0065DAEA /* google (1).png in Resources */ = {isa = PBXBuildFile; fileRef = 08EA44C9182B330F0065DAEA /* google (1).png */; };
		08EA44CC182B330F0065DAEA /* linkedin (1).png in Resources */ = {isa = PBXBuildFile; fileRef = 08EA44CA182B330F0065DAEA /* linkedin (1).png */; };
		2103C003182741550061FBB9 /* Nav_About_Icon.png in Resources */ = {isa = PBXBuildFile; fileRef = 2103BFF9182741550061FBB9 /* Nav_About_Icon.png */; };
		2103C004182741550061FBB9 /* Nav_Archive_Icon.png in Resources */ = {isa = PBXBuildFile; fileRef = 2103BFFA182741550061FBB9 /* Nav_Archive_Icon.png */; };
		2103C005182741550061FBB9 /* Nav_Dash_Icon.png in Resources */ = {isa = PBXBuildFile; fileRef = 2103BFFB182741550061FBB9 /* Nav_Dash_Icon.png */; };
		2103C006182741550061FBB9 /* Nav_Files_Icon.png in Resources */ = {isa = PBXBuildFile; fileRef = 2103BFFC182741550061FBB9 /* Nav_Files_Icon.png */; };
		2103C007182741550061FBB9 /* Nav_Icon.png in Resources */ = {isa = PBXBuildFile; fileRef = 2103BFFD182741550061FBB9 /* Nav_Icon.png */; };
		2103C008182741550061FBB9 /* Nav_People_Icon.png in Resources */ = {isa = PBXBuildFile; fileRef = 2103BFFE182741550061FBB9 /* Nav_People_Icon.png */; };
		2103C009182741550061FBB9 /* Nav_Settings_Icon.png in Resources */ = {isa = PBXBuildFile; fileRef = 2103BFFF182741550061FBB9 /* Nav_Settings_Icon.png */; };
		2103C00A182741550061FBB9 /* Search_Location_Icon.png in Resources */ = {isa = PBXBuildFile; fileRef = 2103C000182741550061FBB9 /* Search_Location_Icon.png */; };
		2103C00B182741550061FBB9 /* Search_Magnify_Icon.png in Resources */ = {isa = PBXBuildFile; fileRef = 2103C001182741550061FBB9 /* Search_Magnify_Icon.png */; };
		2103C00C182741550061FBB9 /* Search_X_Icon.png in Resources */ = {isa = PBXBuildFile; fileRef = 2103C002182741550061FBB9 /* Search_X_Icon.png */; };
		2103C013182741670061FBB9 /* InfoPage_Details_Icon.png in Resources */ = {isa = PBXBuildFile; fileRef = 2103C00D182741670061FBB9 /* InfoPage_Details_Icon.png */; };
		2103C014182741670061FBB9 /* InfoPage_Extras_Icon.png in Resources */ = {isa = PBXBuildFile; fileRef = 2103C00E182741670061FBB9 /* InfoPage_Extras_Icon.png */; };
		2103C015182741670061FBB9 /* InfoPage_Files_Icon.png in Resources */ = {isa = PBXBuildFile; fileRef = 2103C00F182741670061FBB9 /* InfoPage_Files_Icon.png */; };
		2103C016182741670061FBB9 /* InfoPage_Location_Icon.png in Resources */ = {isa = PBXBuildFile; fileRef = 2103C010182741670061FBB9 /* InfoPage_Location_Icon.png */; };
		2103C017182741670061FBB9 /* InfoPage_People_Icon.png in Resources */ = {isa = PBXBuildFile; fileRef = 2103C011182741670061FBB9 /* InfoPage_People_Icon.png */; };
		2103C018182741670061FBB9 /* l_bolt.png in Resources */ = {isa = PBXBuildFile; fileRef = 2103C012182741670061FBB9 /* l_bolt.png */; };
		21BD95A518231BA900A931D7 /* Icon_60x60.png in Resources */ = {isa = PBXBuildFile; fileRef = 21BD95A118231BA900A931D7 /* Icon_60x60.png */; };
		21BD95A618231BA900A931D7 /* Icon_120x120.png in Resources */ = {isa = PBXBuildFile; fileRef = 21BD95A218231BA900A931D7 /* Icon_120x120.png */; };
		21BD95A718231BA900A931D7 /* login.png in Resources */ = {isa = PBXBuildFile; fileRef = 21BD95A318231BA900A931D7 /* login.png */; };
		21BD95AA18231D9900A931D7 /* splash-568h@2x.png in Resources */ = {isa = PBXBuildFile; fileRef = 21BD95A918231D9900A931D7 /* splash-568h@2x.png */; };
		21BDB3271829DF37000AA676 /* ARKitConfig.m in Sources */ = {isa = PBXBuildFile; fileRef = 21BDB3181829DF37000AA676 /* ARKitConfig.m */; };
		21BDB3281829DF37000AA676 /* ARKitEngine.m in Sources */ = {isa = PBXBuildFile; fileRef = 21BDB31A1829DF37000AA676 /* ARKitEngine.m */; };
		21BDB3291829DF37000AA676 /* LocalizationHelper.m in Sources */ = {isa = PBXBuildFile; fileRef = 21BDB31E1829DF37000AA676 /* LocalizationHelper.m */; };
		21BDB32A1829DF37000AA676 /* ARGeoCoordinate.m in Sources */ = {isa = PBXBuildFile; fileRef = 21BDB3211829DF37000AA676 /* ARGeoCoordinate.m */; };
		21BDB32B1829DF37000AA676 /* ARObjectView.m in Sources */ = {isa = PBXBuildFile; fileRef = 21BDB3241829DF37000AA676 /* ARObjectView.m */; };
		21BDB32C1829DF37000AA676 /* RadarView.m in Sources */ = {isa = PBXBuildFile; fileRef = 21BDB3261829DF37000AA676 /* RadarView.m */; };
		21BDB32F1829DFC2000AA676 /* DetailView.m in Sources */ = {isa = PBXBuildFile; fileRef = 21BDB32E1829DFC2000AA676 /* DetailView.m */; };
		21BDB3311829E2EA000AA676 /* CoreMotion.framework in Frameworks */ = {isa = PBXBuildFile; fileRef = 21BDB3301829E2EA000AA676 /* CoreMotion.framework */; };
		21BDB3351829E53B000AA676 /* arrow.png in Resources */ = {isa = PBXBuildFile; fileRef = 21BDB3321829E53B000AA676 /* arrow.png */; };
		21BDB3361829E53B000AA676 /* box.png in Resources */ = {isa = PBXBuildFile; fileRef = 21BDB3331829E53B000AA676 /* box.png */; };
		21BDB3371829E53B000AA676 /* close.png in Resources */ = {isa = PBXBuildFile; fileRef = 21BDB3341829E53B000AA676 /* close.png */; };
		21BDB33A1829E547000AA676 /* radar_dot.png in Resources */ = {isa = PBXBuildFile; fileRef = 21BDB3381829E547000AA676 /* radar_dot.png */; };
		21BDB33B1829E547000AA676 /* radar.png in Resources */ = {isa = PBXBuildFile; fileRef = 21BDB3391829E547000AA676 /* radar.png */; };
		21BDB33D1829E672000AA676 /* DetailView.xib in Resources */ = {isa = PBXBuildFile; fileRef = 21BDB33C1829E672000AA676 /* DetailView.xib */; };
		21C5AB321827643100925168 /* LoginViewController.m in Sources */ = {isa = PBXBuildFile; fileRef = 21C5AB311827643100925168 /* LoginViewController.m */; };
		21D013CB181E1AA8005426F8 /* MeetingViewController.m in Sources */ = {isa = PBXBuildFile; fileRef = 21D013CA181E1AA8005426F8 /* MeetingViewController.m */; };
		21D013CD181F1287005426F8 /* user.png in Resources */ = {isa = PBXBuildFile; fileRef = 21D013CC181F1287005426F8 /* user.png */; };
		21FD9595181844BA00E50963 /* SWRevealViewController.m in Sources */ = {isa = PBXBuildFile; fileRef = 21FD9594181844BA00E50963 /* SWRevealViewController.m */; };
		D84D31731821E83C0055F3A2 /* SearchViewController.m in Sources */ = {isa = PBXBuildFile; fileRef = D84D31721821E83C0055F3A2 /* SearchViewController.m */; };
		D84D3176182347560055F3A2 /* MeetingTabBarController.m in Sources */ = {isa = PBXBuildFile; fileRef = D84D3175182347560055F3A2 /* MeetingTabBarController.m */; };
		D84D317A1824AAED0055F3A2 /* DetailViewController.m in Sources */ = {isa = PBXBuildFile; fileRef = D84D31791824AAED0055F3A2 /* DetailViewController.m */; };
		D84D317D182574710055F3A2 /* MediaViewController.m in Sources */ = {isa = PBXBuildFile; fileRef = D84D317C182574710055F3A2 /* MediaViewController.m */; };
		D84D317F182576D60055F3A2 /* AVFoundation.framework in Frameworks */ = {isa = PBXBuildFile; fileRef = D84D317E182576D60055F3A2 /* AVFoundation.framework */; };
		D84D3182182589180055F3A2 /* NavigationViewController.m in Sources */ = {isa = PBXBuildFile; fileRef = D84D3181182589180055F3A2 /* NavigationViewController.m */; };
		D84D31A418258E5E0055F3A2 /* QuartzCore.framework in Frameworks */ = {isa = PBXBuildFile; fileRef = D84D31A318258E5E0055F3A2 /* QuartzCore.framework */; };
		D8969AC01829F7390031A369 /* near_me-128.png in Resources */ = {isa = PBXBuildFile; fileRef = D8969ABF1829F7390031A369 /* near_me-128.png */; };
		D8969AC2182B215B0031A369 /* camera-icon.png in Resources */ = {isa = PBXBuildFile; fileRef = D8969AC1182B215B0031A369 /* camera-icon.png */; };
		D8969AC5182B23110031A369 /* pdf-32.png in Resources */ = {isa = PBXBuildFile; fileRef = D8969AC3182B23110031A369 /* pdf-32.png */; };
		D8969AC6182B23110031A369 /* txt-32.png in Resources */ = {isa = PBXBuildFile; fileRef = D8969AC4182B23110031A369 /* txt-32.png */; };
		D8E02D0C1826B0A30027BD35 /* PeopleViewController.m in Sources */ = {isa = PBXBuildFile; fileRef = D8E02D0B1826B0A30027BD35 /* PeopleViewController.m */; };
		D8E02D0F1826BDBC0027BD35 /* FilesViewController.m in Sources */ = {isa = PBXBuildFile; fileRef = D8E02D0E1826BDBC0027BD35 /* FilesViewController.m */; };
		D8E02D111826C28E0027BD35 /* force.pdf in Resources */ = {isa = PBXBuildFile; fileRef = D8E02D101826C28E0027BD35 /* force.pdf */; };
		D8E02D131826C4E40027BD35 /* Person.txt in Resources */ = {isa = PBXBuildFile; fileRef = D8E02D121826C4E40027BD35 /* Person.txt */; };
		D8E02D161826CDCA0027BD35 /* PeopleDetailViewController.m in Sources */ = {isa = PBXBuildFile; fileRef = D8E02D151826CDCA0027BD35 /* PeopleDetailViewController.m */; };
		D8E02D191826CF990027BD35 /* FilesDetailViewController.m in Sources */ = {isa = PBXBuildFile; fileRef = D8E02D181826CF990027BD35 /* FilesDetailViewController.m */; };
		D8E02D1B18273D350027BD35 /* pdf-icon.png in Resources */ = {isa = PBXBuildFile; fileRef = D8E02D1A18273D350027BD35 /* pdf-icon.png */; };
		D8E02D1D18273D6C0027BD35 /* txt-icon.png in Resources */ = {isa = PBXBuildFile; fileRef = D8E02D1C18273D6C0027BD35 /* txt-icon.png */; };
		D8E02D20182896AB0027BD35 /* PersonViewController.m in Sources */ = {isa = PBXBuildFile; fileRef = D8E02D1F182896AB0027BD35 /* PersonViewController.m */; };
		F4EECF12177C99F400778578 /* UIKit.framework in Frameworks */ = {isa = PBXBuildFile; fileRef = F4EECF11177C99F400778578 /* UIKit.framework */; };
		F4EECF14177C99F400778578 /* Foundation.framework in Frameworks */ = {isa = PBXBuildFile; fileRef = F4EECF13177C99F400778578 /* Foundation.framework */; };
		F4EECF16177C99F400778578 /* CoreGraphics.framework in Frameworks */ = {isa = PBXBuildFile; fileRef = F4EECF15177C99F400778578 /* CoreGraphics.framework */; };
		F4EECF1C177C99F400778578 /* InfoPlist.strings in Resources */ = {isa = PBXBuildFile; fileRef = F4EECF1A177C99F400778578 /* InfoPlist.strings */; };
		F4EECF1E177C99F400778578 /* main.m in Sources */ = {isa = PBXBuildFile; fileRef = F4EECF1D177C99F400778578 /* main.m */; };
		F4EECF22177C99F400778578 /* AppDelegate.m in Sources */ = {isa = PBXBuildFile; fileRef = F4EECF21177C99F400778578 /* AppDelegate.m */; };
		F4EECF24177C99F400778578 /* Default.png in Resources */ = {isa = PBXBuildFile; fileRef = F4EECF23177C99F400778578 /* Default.png */; };
		F4EECF26177C99F400778578 /* Default@2x.png in Resources */ = {isa = PBXBuildFile; fileRef = F4EECF25177C99F400778578 /* Default@2x.png */; };
		F4EECF28177C99F400778578 /* Default-568h@2x.png in Resources */ = {isa = PBXBuildFile; fileRef = F4EECF27177C99F400778578 /* Default-568h@2x.png */; };
		F4EECF2B177C99F400778578 /* MainStoryboard.storyboard in Resources */ = {isa = PBXBuildFile; fileRef = F4EECF29177C99F400778578 /* MainStoryboard.storyboard */; };
		F4EECF2E177C99F400778578 /* MainViewController.m in Sources */ = {isa = PBXBuildFile; fileRef = F4EECF2D177C99F400778578 /* MainViewController.m */; };
		F4EECF4A177DF87700778578 /* SidebarViewController.m in Sources */ = {isa = PBXBuildFile; fileRef = F4EECF49177DF87700778578 /* SidebarViewController.m */; };
		F4EECF5B177F384900778578 /* bookmark.png in Resources */ = {isa = PBXBuildFile; fileRef = F4EECF54177F384900778578 /* bookmark.png */; };
		F4EECF5C177F384900778578 /* calendar.png in Resources */ = {isa = PBXBuildFile; fileRef = F4EECF55177F384900778578 /* calendar.png */; };
		F4EECF5D177F384900778578 /* comments.png in Resources */ = {isa = PBXBuildFile; fileRef = F4EECF56177F384900778578 /* comments.png */; };
		F4EECF5E177F384900778578 /* map.png in Resources */ = {isa = PBXBuildFile; fileRef = F4EECF57177F384900778578 /* map.png */; };
		F4EECF5F177F384900778578 /* news.png in Resources */ = {isa = PBXBuildFile; fileRef = F4EECF58177F384900778578 /* news.png */; };
		F4EECF60177F384900778578 /* photo.png in Resources */ = {isa = PBXBuildFile; fileRef = F4EECF59177F384900778578 /* photo.png */; };
		F4EECF61177F384900778578 /* wishlist.png in Resources */ = {isa = PBXBuildFile; fileRef = F4EECF5A177F384900778578 /* wishlist.png */; };
		F4EECF63177F3CAB00778578 /* tag.png in Resources */ = {isa = PBXBuildFile; fileRef = F4EECF62177F3CAB00778578 /* tag.png */; };
		F4EECF67177F4AB000778578 /* nav_bg.png in Resources */ = {isa = PBXBuildFile; fileRef = F4EECF65177F4AB000778578 /* nav_bg.png */; };
		F4EECF6A177F4C0200778578 /* menu.png in Resources */ = {isa = PBXBuildFile; fileRef = F4EECF68177F4C0200778578 /* menu.png */; };
		F4EECF6B177F4C0200778578 /* menu@2x.png in Resources */ = {isa = PBXBuildFile; fileRef = F4EECF69177F4C0200778578 /* menu@2x.png */; };
		F4EECF6E177FD51400778578 /* MapViewController.m in Sources */ = {isa = PBXBuildFile; fileRef = F4EECF6D177FD51300778578 /* MapViewController.m */; };
		F4EECF70177FE9B400778578 /* CoreLocation.framework in Frameworks */ = {isa = PBXBuildFile; fileRef = F4EECF6F177FE9B400778578 /* CoreLocation.framework */; settings = {ATTRIBUTES = (Required, ); }; };
		F4EECF72177FE9BA00778578 /* MapKit.framework in Frameworks */ = {isa = PBXBuildFile; fileRef = F4EECF71177FE9BA00778578 /* MapKit.framework */; };
		F4EECF75177FF90600778578 /* PhotoViewController.m in Sources */ = {isa = PBXBuildFile; fileRef = F4EECF74177FF90600778578 /* PhotoViewController.m */; };
		F4FE87FB1780081300CB3DA8 /* comments_photo.jpg in Resources */ = {isa = PBXBuildFile; fileRef = F4FE87F91780081300CB3DA8 /* comments_photo.jpg */; };
		F4FE87FC1780081300CB3DA8 /* wishlist_photo.jpg in Resources */ = {isa = PBXBuildFile; fileRef = F4FE87FA1780081300CB3DA8 /* wishlist_photo.jpg */; };
		F4FE87FF178010F000CB3DA8 /* bookmark_photo.jpg in Resources */ = {isa = PBXBuildFile; fileRef = F4FE87FD178010F000CB3DA8 /* bookmark_photo.jpg */; };
		F4FE8800178010F000CB3DA8 /* calendar_photo.jpg in Resources */ = {isa = PBXBuildFile; fileRef = F4FE87FE178010F000CB3DA8 /* calendar_photo.jpg */; };
		F4FE8802178010FA00CB3DA8 /* tag_photo.jpg in Resources */ = {isa = PBXBuildFile; fileRef = F4FE8801178010FA00CB3DA8 /* tag_photo.jpg */; };
/* End PBXBuildFile section */

/* Begin PBXFileReference section */
		0820AC23182B363800F7B9E9 /* SettingsViewController.h */ = {isa = PBXFileReference; fileEncoding = 4; lastKnownFileType = sourcecode.c.h; path = SettingsViewController.h; sourceTree = "<group>"; };
		0820AC24182B363800F7B9E9 /* SettingsViewController.m */ = {isa = PBXFileReference; fileEncoding = 4; lastKnownFileType = sourcecode.c.objc; path = SettingsViewController.m; sourceTree = "<group>"; };
		088A986018234CCE001B1602 /* DataClass.h */ = {isa = PBXFileReference; fileEncoding = 4; lastKnownFileType = sourcecode.c.h; path = DataClass.h; sourceTree = "<group>"; };
		088A986118234CCE001B1602 /* DataClass.m */ = {isa = PBXFileReference; fileEncoding = 4; lastKnownFileType = sourcecode.c.objc; path = DataClass.m; sourceTree = "<group>"; };
		08ABEE3A18284645002B46FB /* AboutViewController.h */ = {isa = PBXFileReference; fileEncoding = 4; lastKnownFileType = sourcecode.c.h; path = AboutViewController.h; sourceTree = "<group>"; };
		08ABEE3B18284645002B46FB /* AboutViewController.m */ = {isa = PBXFileReference; fileEncoding = 4; lastKnownFileType = sourcecode.c.objc; path = AboutViewController.m; sourceTree = "<group>"; };
		08C0345218247D3800D749C7 /* Meeting.h */ = {isa = PBXFileReference; fileEncoding = 4; lastKnownFileType = sourcecode.c.h; path = Meeting.h; sourceTree = "<group>"; };
		08C0345318247D3800D749C7 /* Meeting.m */ = {isa = PBXFileReference; fileEncoding = 4; lastKnownFileType = sourcecode.c.objc; path = Meeting.m; sourceTree = "<group>"; };
		08C034551824A99300D749C7 /* Person.h */ = {isa = PBXFileReference; fileEncoding = 4; lastKnownFileType = sourcecode.c.h; path = Person.h; sourceTree = "<group>"; };
		08C034561824A99300D749C7 /* Person.m */ = {isa = PBXFileReference; fileEncoding = 4; lastKnownFileType = sourcecode.c.objc; path = Person.m; sourceTree = "<group>"; };
		08C034581824AD4B00D749C7 /* File.h */ = {isa = PBXFileReference; fileEncoding = 4; lastKnownFileType = sourcecode.c.h; path = File.h; sourceTree = "<group>"; };
		08C034591824AD4B00D749C7 /* File.m */ = {isa = PBXFileReference; fileEncoding = 4; lastKnownFileType = sourcecode.c.objc; path = File.m; sourceTree = "<group>"; };
		08EA44BE182B04A20065DAEA /* button-linkedin.jpg */ = {isa = PBXFileReference; lastKnownFileType = image.jpeg; path = "button-linkedin.jpg"; sourceTree = "<group>"; };
		08EA44BF182B04A20065DAEA /* google.jpg */ = {isa = PBXFileReference; lastKnownFileType = image.jpeg; path = google.jpg; sourceTree = "<group>"; };
		08EA44C9182B330F0065DAEA /* google (1).png */ = {isa = PBXFileReference; lastKnownFileType = image.png; path = "google (1).png"; sourceTree = "<group>"; };
		08EA44CA182B330F0065DAEA /* linkedin (1).png */ = {isa = PBXFileReference; lastKnownFileType = image.png; path = "linkedin (1).png"; sourceTree = "<group>"; };
		2103BFF9182741550061FBB9 /* Nav_About_Icon.png */ = {isa = PBXFileReference; lastKnownFileType = image.png; path = Nav_About_Icon.png; sourceTree = "<group>"; };
		2103BFFA182741550061FBB9 /* Nav_Archive_Icon.png */ = {isa = PBXFileReference; lastKnownFileType = image.png; path = Nav_Archive_Icon.png; sourceTree = "<group>"; };
		2103BFFB182741550061FBB9 /* Nav_Dash_Icon.png */ = {isa = PBXFileReference; lastKnownFileType = image.png; path = Nav_Dash_Icon.png; sourceTree = "<group>"; };
		2103BFFC182741550061FBB9 /* Nav_Files_Icon.png */ = {isa = PBXFileReference; lastKnownFileType = image.png; path = Nav_Files_Icon.png; sourceTree = "<group>"; };
		2103BFFD182741550061FBB9 /* Nav_Icon.png */ = {isa = PBXFileReference; lastKnownFileType = image.png; path = Nav_Icon.png; sourceTree = "<group>"; };
		2103BFFE182741550061FBB9 /* Nav_People_Icon.png */ = {isa = PBXFileReference; lastKnownFileType = image.png; path = Nav_People_Icon.png; sourceTree = "<group>"; };
		2103BFFF182741550061FBB9 /* Nav_Settings_Icon.png */ = {isa = PBXFileReference; lastKnownFileType = image.png; path = Nav_Settings_Icon.png; sourceTree = "<group>"; };
		2103C000182741550061FBB9 /* Search_Location_Icon.png */ = {isa = PBXFileReference; lastKnownFileType = image.png; path = Search_Location_Icon.png; sourceTree = "<group>"; };
		2103C001182741550061FBB9 /* Search_Magnify_Icon.png */ = {isa = PBXFileReference; lastKnownFileType = image.png; path = Search_Magnify_Icon.png; sourceTree = "<group>"; };
		2103C002182741550061FBB9 /* Search_X_Icon.png */ = {isa = PBXFileReference; lastKnownFileType = image.png; path = Search_X_Icon.png; sourceTree = "<group>"; };
		2103C00D182741670061FBB9 /* InfoPage_Details_Icon.png */ = {isa = PBXFileReference; lastKnownFileType = image.png; path = InfoPage_Details_Icon.png; sourceTree = "<group>"; };
		2103C00E182741670061FBB9 /* InfoPage_Extras_Icon.png */ = {isa = PBXFileReference; lastKnownFileType = image.png; path = InfoPage_Extras_Icon.png; sourceTree = "<group>"; };
		2103C00F182741670061FBB9 /* InfoPage_Files_Icon.png */ = {isa = PBXFileReference; lastKnownFileType = image.png; path = InfoPage_Files_Icon.png; sourceTree = "<group>"; };
		2103C010182741670061FBB9 /* InfoPage_Location_Icon.png */ = {isa = PBXFileReference; lastKnownFileType = image.png; path = InfoPage_Location_Icon.png; sourceTree = "<group>"; };
		2103C011182741670061FBB9 /* InfoPage_People_Icon.png */ = {isa = PBXFileReference; lastKnownFileType = image.png; path = InfoPage_People_Icon.png; sourceTree = "<group>"; };
		2103C012182741670061FBB9 /* l_bolt.png */ = {isa = PBXFileReference; lastKnownFileType = image.png; path = l_bolt.png; sourceTree = "<group>"; };
		21BD95A118231BA900A931D7 /* Icon_60x60.png */ = {isa = PBXFileReference; lastKnownFileType = image.png; path = Icon_60x60.png; sourceTree = "<group>"; };
		21BD95A218231BA900A931D7 /* Icon_120x120.png */ = {isa = PBXFileReference; lastKnownFileType = image.png; path = Icon_120x120.png; sourceTree = "<group>"; };
		21BD95A318231BA900A931D7 /* login.png */ = {isa = PBXFileReference; lastKnownFileType = image.png; path = login.png; sourceTree = "<group>"; };
		21BD95A918231D9900A931D7 /* splash-568h@2x.png */ = {isa = PBXFileReference; lastKnownFileType = image.png; path = "splash-568h@2x.png"; sourceTree = "<group>"; };
		21BDB3161829DF37000AA676 /* ARKit.h */ = {isa = PBXFileReference; fileEncoding = 4; lastKnownFileType = sourcecode.c.h; path = ARKit.h; sourceTree = "<group>"; };
		21BDB3171829DF37000AA676 /* ARKitConfig.h */ = {isa = PBXFileReference; fileEncoding = 4; lastKnownFileType = sourcecode.c.h; path = ARKitConfig.h; sourceTree = "<group>"; };
		21BDB3181829DF37000AA676 /* ARKitConfig.m */ = {isa = PBXFileReference; fileEncoding = 4; lastKnownFileType = sourcecode.c.objc; path = ARKitConfig.m; sourceTree = "<group>"; };
		21BDB3191829DF37000AA676 /* ARKitEngine.h */ = {isa = PBXFileReference; fileEncoding = 4; lastKnownFileType = sourcecode.c.h; path = ARKitEngine.h; sourceTree = "<group>"; };
		21BDB31A1829DF37000AA676 /* ARKitEngine.m */ = {isa = PBXFileReference; fileEncoding = 4; lastKnownFileType = sourcecode.c.objc; path = ARKitEngine.m; sourceTree = "<group>"; };
		21BDB31B1829DF37000AA676 /* ARViewDelegate.h */ = {isa = PBXFileReference; fileEncoding = 4; lastKnownFileType = sourcecode.c.h; path = ARViewDelegate.h; sourceTree = "<group>"; };
		21BDB31C1829DF37000AA676 /* LocalizationDelegate.h */ = {isa = PBXFileReference; fileEncoding = 4; lastKnownFileType = sourcecode.c.h; path = LocalizationDelegate.h; sourceTree = "<group>"; };
		21BDB31D1829DF37000AA676 /* LocalizationHelper.h */ = {isa = PBXFileReference; fileEncoding = 4; lastKnownFileType = sourcecode.c.h; path = LocalizationHelper.h; sourceTree = "<group>"; };
		21BDB31E1829DF37000AA676 /* LocalizationHelper.m */ = {isa = PBXFileReference; fileEncoding = 4; lastKnownFileType = sourcecode.c.objc; path = LocalizationHelper.m; sourceTree = "<group>"; };
		21BDB3201829DF37000AA676 /* ARGeoCoordinate.h */ = {isa = PBXFileReference; fileEncoding = 4; lastKnownFileType = sourcecode.c.h; path = ARGeoCoordinate.h; sourceTree = "<group>"; };
		21BDB3211829DF37000AA676 /* ARGeoCoordinate.m */ = {isa = PBXFileReference; fileEncoding = 4; lastKnownFileType = sourcecode.c.objc; path = ARGeoCoordinate.m; sourceTree = "<group>"; };
		21BDB3231829DF37000AA676 /* ARObjectView.h */ = {isa = PBXFileReference; fileEncoding = 4; lastKnownFileType = sourcecode.c.h; path = ARObjectView.h; sourceTree = "<group>"; };
		21BDB3241829DF37000AA676 /* ARObjectView.m */ = {isa = PBXFileReference; fileEncoding = 4; lastKnownFileType = sourcecode.c.objc; path = ARObjectView.m; sourceTree = "<group>"; };
		21BDB3251829DF37000AA676 /* RadarView.h */ = {isa = PBXFileReference; fileEncoding = 4; lastKnownFileType = sourcecode.c.h; path = RadarView.h; sourceTree = "<group>"; };
		21BDB3261829DF37000AA676 /* RadarView.m */ = {isa = PBXFileReference; fileEncoding = 4; lastKnownFileType = sourcecode.c.objc; path = RadarView.m; sourceTree = "<group>"; };
		21BDB32D1829DFC2000AA676 /* DetailView.h */ = {isa = PBXFileReference; fileEncoding = 4; lastKnownFileType = sourcecode.c.h; path = DetailView.h; sourceTree = "<group>"; };
		21BDB32E1829DFC2000AA676 /* DetailView.m */ = {isa = PBXFileReference; fileEncoding = 4; lastKnownFileType = sourcecode.c.objc; path = DetailView.m; sourceTree = "<group>"; };
		21BDB3301829E2EA000AA676 /* CoreMotion.framework */ = {isa = PBXFileReference; lastKnownFileType = wrapper.framework; name = CoreMotion.framework; path = System/Library/Frameworks/CoreMotion.framework; sourceTree = SDKROOT; };
		21BDB3321829E53B000AA676 /* arrow.png */ = {isa = PBXFileReference; lastKnownFileType = image.png; path = arrow.png; sourceTree = "<group>"; };
		21BDB3331829E53B000AA676 /* box.png */ = {isa = PBXFileReference; lastKnownFileType = image.png; path = box.png; sourceTree = "<group>"; };
		21BDB3341829E53B000AA676 /* close.png */ = {isa = PBXFileReference; lastKnownFileType = image.png; path = close.png; sourceTree = "<group>"; };
		21BDB3381829E547000AA676 /* radar_dot.png */ = {isa = PBXFileReference; lastKnownFileType = image.png; path = radar_dot.png; sourceTree = "<group>"; };
		21BDB3391829E547000AA676 /* radar.png */ = {isa = PBXFileReference; lastKnownFileType = image.png; path = radar.png; sourceTree = "<group>"; };
		21BDB33C1829E672000AA676 /* DetailView.xib */ = {isa = PBXFileReference; fileEncoding = 4; lastKnownFileType = file.xib; path = DetailView.xib; sourceTree = "<group>"; };
		21C5AB301827643100925168 /* LoginViewController.h */ = {isa = PBXFileReference; fileEncoding = 4; lastKnownFileType = sourcecode.c.h; path = LoginViewController.h; sourceTree = "<group>"; };
		21C5AB311827643100925168 /* LoginViewController.m */ = {isa = PBXFileReference; fileEncoding = 4; lastKnownFileType = sourcecode.c.objc; path = LoginViewController.m; sourceTree = "<group>"; };
		21D013C9181E1AA8005426F8 /* MeetingViewController.h */ = {isa = PBXFileReference; fileEncoding = 4; lastKnownFileType = sourcecode.c.h; path = MeetingViewController.h; sourceTree = "<group>"; };
		21D013CA181E1AA8005426F8 /* MeetingViewController.m */ = {isa = PBXFileReference; fileEncoding = 4; lastKnownFileType = sourcecode.c.objc; path = MeetingViewController.m; sourceTree = "<group>"; };
		21D013CC181F1287005426F8 /* user.png */ = {isa = PBXFileReference; lastKnownFileType = image.png; path = user.png; sourceTree = "<group>"; };
		21FD9593181844BA00E50963 /* SWRevealViewController.h */ = {isa = PBXFileReference; fileEncoding = 4; lastKnownFileType = sourcecode.c.h; name = SWRevealViewController.h; path = SWRevealViewController/SWRevealViewController.h; sourceTree = "<group>"; };
		21FD9594181844BA00E50963 /* SWRevealViewController.m */ = {isa = PBXFileReference; fileEncoding = 4; lastKnownFileType = sourcecode.c.objc; name = SWRevealViewController.m; path = SWRevealViewController/SWRevealViewController.m; sourceTree = "<group>"; };
		D84D31711821E83C0055F3A2 /* SearchViewController.h */ = {isa = PBXFileReference; fileEncoding = 4; lastKnownFileType = sourcecode.c.h; path = SearchViewController.h; sourceTree = "<group>"; };
		D84D31721821E83C0055F3A2 /* SearchViewController.m */ = {isa = PBXFileReference; fileEncoding = 4; lastKnownFileType = sourcecode.c.objc; path = SearchViewController.m; sourceTree = "<group>"; };
		D84D3174182347560055F3A2 /* MeetingTabBarController.h */ = {isa = PBXFileReference; fileEncoding = 4; lastKnownFileType = sourcecode.c.h; path = MeetingTabBarController.h; sourceTree = "<group>"; };
		D84D3175182347560055F3A2 /* MeetingTabBarController.m */ = {isa = PBXFileReference; fileEncoding = 4; lastKnownFileType = sourcecode.c.objc; path = MeetingTabBarController.m; sourceTree = "<group>"; };
		D84D31781824AAED0055F3A2 /* DetailViewController.h */ = {isa = PBXFileReference; fileEncoding = 4; lastKnownFileType = sourcecode.c.h; path = DetailViewController.h; sourceTree = "<group>"; };
		D84D31791824AAED0055F3A2 /* DetailViewController.m */ = {isa = PBXFileReference; fileEncoding = 4; lastKnownFileType = sourcecode.c.objc; path = DetailViewController.m; sourceTree = "<group>"; };
		D84D317B182574710055F3A2 /* MediaViewController.h */ = {isa = PBXFileReference; fileEncoding = 4; lastKnownFileType = sourcecode.c.h; path = MediaViewController.h; sourceTree = "<group>"; };
		D84D317C182574710055F3A2 /* MediaViewController.m */ = {isa = PBXFileReference; fileEncoding = 4; lastKnownFileType = sourcecode.c.objc; path = MediaViewController.m; sourceTree = "<group>"; };
		D84D317E182576D60055F3A2 /* AVFoundation.framework */ = {isa = PBXFileReference; lastKnownFileType = wrapper.framework; name = AVFoundation.framework; path = System/Library/Frameworks/AVFoundation.framework; sourceTree = SDKROOT; };
		D84D3180182589180055F3A2 /* NavigationViewController.h */ = {isa = PBXFileReference; fileEncoding = 4; lastKnownFileType = sourcecode.c.h; path = NavigationViewController.h; sourceTree = "<group>"; };
		D84D3181182589180055F3A2 /* NavigationViewController.m */ = {isa = PBXFileReference; fileEncoding = 4; lastKnownFileType = sourcecode.c.objc; path = NavigationViewController.m; sourceTree = "<group>"; };
		D84D31A318258E5E0055F3A2 /* QuartzCore.framework */ = {isa = PBXFileReference; lastKnownFileType = wrapper.framework; name = QuartzCore.framework; path = System/Library/Frameworks/QuartzCore.framework; sourceTree = SDKROOT; };
		D8969ABF1829F7390031A369 /* near_me-128.png */ = {isa = PBXFileReference; lastKnownFileType = image.png; path = "near_me-128.png"; sourceTree = "<group>"; };
		D8969AC1182B215B0031A369 /* camera-icon.png */ = {isa = PBXFileReference; lastKnownFileType = image.png; path = "camera-icon.png"; sourceTree = "<group>"; };
		D8969AC3182B23110031A369 /* pdf-32.png */ = {isa = PBXFileReference; lastKnownFileType = image.png; path = "pdf-32.png"; sourceTree = "<group>"; };
		D8969AC4182B23110031A369 /* txt-32.png */ = {isa = PBXFileReference; lastKnownFileType = image.png; path = "txt-32.png"; sourceTree = "<group>"; };
		D8E02D0A1826B0A30027BD35 /* PeopleViewController.h */ = {isa = PBXFileReference; fileEncoding = 4; lastKnownFileType = sourcecode.c.h; path = PeopleViewController.h; sourceTree = "<group>"; };
		D8E02D0B1826B0A30027BD35 /* PeopleViewController.m */ = {isa = PBXFileReference; fileEncoding = 4; lastKnownFileType = sourcecode.c.objc; path = PeopleViewController.m; sourceTree = "<group>"; };
		D8E02D0D1826BDBC0027BD35 /* FilesViewController.h */ = {isa = PBXFileReference; fileEncoding = 4; lastKnownFileType = sourcecode.c.h; path = FilesViewController.h; sourceTree = "<group>"; };
		D8E02D0E1826BDBC0027BD35 /* FilesViewController.m */ = {isa = PBXFileReference; fileEncoding = 4; lastKnownFileType = sourcecode.c.objc; path = FilesViewController.m; sourceTree = "<group>"; };
		D8E02D101826C28E0027BD35 /* force.pdf */ = {isa = PBXFileReference; lastKnownFileType = image.pdf; path = force.pdf; sourceTree = "<group>"; };
		D8E02D121826C4E40027BD35 /* Person.txt */ = {isa = PBXFileReference; fileEncoding = 4; lastKnownFileType = text; path = Person.txt; sourceTree = "<group>"; };
		D8E02D141826CDCA0027BD35 /* PeopleDetailViewController.h */ = {isa = PBXFileReference; fileEncoding = 4; lastKnownFileType = sourcecode.c.h; path = PeopleDetailViewController.h; sourceTree = "<group>"; };
		D8E02D151826CDCA0027BD35 /* PeopleDetailViewController.m */ = {isa = PBXFileReference; fileEncoding = 4; lastKnownFileType = sourcecode.c.objc; path = PeopleDetailViewController.m; sourceTree = "<group>"; };
		D8E02D171826CF990027BD35 /* FilesDetailViewController.h */ = {isa = PBXFileReference; fileEncoding = 4; lastKnownFileType = sourcecode.c.h; path = FilesDetailViewController.h; sourceTree = "<group>"; };
		D8E02D181826CF990027BD35 /* FilesDetailViewController.m */ = {isa = PBXFileReference; fileEncoding = 4; lastKnownFileType = sourcecode.c.objc; path = FilesDetailViewController.m; sourceTree = "<group>"; };
		D8E02D1A18273D350027BD35 /* pdf-icon.png */ = {isa = PBXFileReference; lastKnownFileType = image.png; path = "pdf-icon.png"; sourceTree = "<group>"; };
		D8E02D1C18273D6C0027BD35 /* txt-icon.png */ = {isa = PBXFileReference; lastKnownFileType = image.png; path = "txt-icon.png"; sourceTree = "<group>"; };
		D8E02D1E182896AB0027BD35 /* PersonViewController.h */ = {isa = PBXFileReference; fileEncoding = 4; lastKnownFileType = sourcecode.c.h; path = PersonViewController.h; sourceTree = "<group>"; };
		D8E02D1F182896AB0027BD35 /* PersonViewController.m */ = {isa = PBXFileReference; fileEncoding = 4; lastKnownFileType = sourcecode.c.objc; path = PersonViewController.m; sourceTree = "<group>"; };
		F4EECF0E177C99F400778578 /* FORCE.app */ = {isa = PBXFileReference; explicitFileType = wrapper.application; includeInIndex = 0; path = FORCE.app; sourceTree = BUILT_PRODUCTS_DIR; };
		F4EECF11177C99F400778578 /* UIKit.framework */ = {isa = PBXFileReference; lastKnownFileType = wrapper.framework; name = UIKit.framework; path = System/Library/Frameworks/UIKit.framework; sourceTree = SDKROOT; };
		F4EECF13177C99F400778578 /* Foundation.framework */ = {isa = PBXFileReference; lastKnownFileType = wrapper.framework; name = Foundation.framework; path = System/Library/Frameworks/Foundation.framework; sourceTree = SDKROOT; };
		F4EECF15177C99F400778578 /* CoreGraphics.framework */ = {isa = PBXFileReference; lastKnownFileType = wrapper.framework; name = CoreGraphics.framework; path = System/Library/Frameworks/CoreGraphics.framework; sourceTree = SDKROOT; };
		F4EECF19177C99F400778578 /* FORCE-Info.plist */ = {isa = PBXFileReference; lastKnownFileType = text.plist.xml; path = "FORCE-Info.plist"; sourceTree = "<group>"; };
		F4EECF1B177C99F400778578 /* en */ = {isa = PBXFileReference; lastKnownFileType = text.plist.strings; name = en; path = en.lproj/InfoPlist.strings; sourceTree = "<group>"; };
		F4EECF1D177C99F400778578 /* main.m */ = {isa = PBXFileReference; lastKnownFileType = sourcecode.c.objc; path = main.m; sourceTree = "<group>"; };
		F4EECF1F177C99F400778578 /* FORCE-Prefix.pch */ = {isa = PBXFileReference; lastKnownFileType = sourcecode.c.h; path = "FORCE-Prefix.pch"; sourceTree = "<group>"; };
		F4EECF20177C99F400778578 /* AppDelegate.h */ = {isa = PBXFileReference; lastKnownFileType = sourcecode.c.h; path = AppDelegate.h; sourceTree = "<group>"; };
		F4EECF21177C99F400778578 /* AppDelegate.m */ = {isa = PBXFileReference; lastKnownFileType = sourcecode.c.objc; path = AppDelegate.m; sourceTree = "<group>"; };
		F4EECF23177C99F400778578 /* Default.png */ = {isa = PBXFileReference; lastKnownFileType = image.png; path = Default.png; sourceTree = "<group>"; };
		F4EECF25177C99F400778578 /* Default@2x.png */ = {isa = PBXFileReference; lastKnownFileType = image.png; path = "Default@2x.png"; sourceTree = "<group>"; };
		F4EECF27177C99F400778578 /* Default-568h@2x.png */ = {isa = PBXFileReference; lastKnownFileType = image.png; path = "Default-568h@2x.png"; sourceTree = "<group>"; };
		F4EECF2A177C99F400778578 /* en */ = {isa = PBXFileReference; lastKnownFileType = file.storyboard; name = en; path = en.lproj/MainStoryboard.storyboard; sourceTree = "<group>"; };
		F4EECF2C177C99F400778578 /* MainViewController.h */ = {isa = PBXFileReference; lastKnownFileType = sourcecode.c.h; path = MainViewController.h; sourceTree = "<group>"; };
		F4EECF2D177C99F400778578 /* MainViewController.m */ = {isa = PBXFileReference; lastKnownFileType = sourcecode.c.objc; path = MainViewController.m; sourceTree = "<group>"; };
		F4EECF48177DF87700778578 /* SidebarViewController.h */ = {isa = PBXFileReference; fileEncoding = 4; lastKnownFileType = sourcecode.c.h; path = SidebarViewController.h; sourceTree = "<group>"; };
		F4EECF49177DF87700778578 /* SidebarViewController.m */ = {isa = PBXFileReference; fileEncoding = 4; lastKnownFileType = sourcecode.c.objc; path = SidebarViewController.m; sourceTree = "<group>"; };
		F4EECF54177F384900778578 /* bookmark.png */ = {isa = PBXFileReference; lastKnownFileType = image.png; path = bookmark.png; sourceTree = "<group>"; };
		F4EECF55177F384900778578 /* calendar.png */ = {isa = PBXFileReference; lastKnownFileType = image.png; path = calendar.png; sourceTree = "<group>"; };
		F4EECF56177F384900778578 /* comments.png */ = {isa = PBXFileReference; lastKnownFileType = image.png; path = comments.png; sourceTree = "<group>"; };
		F4EECF57177F384900778578 /* map.png */ = {isa = PBXFileReference; lastKnownFileType = image.png; path = map.png; sourceTree = "<group>"; };
		F4EECF58177F384900778578 /* news.png */ = {isa = PBXFileReference; lastKnownFileType = image.png; path = news.png; sourceTree = "<group>"; };
		F4EECF59177F384900778578 /* photo.png */ = {isa = PBXFileReference; lastKnownFileType = image.png; path = photo.png; sourceTree = "<group>"; };
		F4EECF5A177F384900778578 /* wishlist.png */ = {isa = PBXFileReference; lastKnownFileType = image.png; path = wishlist.png; sourceTree = "<group>"; };
		F4EECF62177F3CAB00778578 /* tag.png */ = {isa = PBXFileReference; lastKnownFileType = image.png; path = tag.png; sourceTree = "<group>"; };
		F4EECF65177F4AB000778578 /* nav_bg.png */ = {isa = PBXFileReference; lastKnownFileType = image.png; path = nav_bg.png; sourceTree = "<group>"; };
		F4EECF68177F4C0200778578 /* menu.png */ = {isa = PBXFileReference; lastKnownFileType = image.png; path = menu.png; sourceTree = "<group>"; };
		F4EECF69177F4C0200778578 /* menu@2x.png */ = {isa = PBXFileReference; lastKnownFileType = image.png; path = "menu@2x.png"; sourceTree = "<group>"; };
		F4EECF6C177FD51300778578 /* MapViewController.h */ = {isa = PBXFileReference; fileEncoding = 4; lastKnownFileType = sourcecode.c.h; path = MapViewController.h; sourceTree = "<group>"; };
		F4EECF6D177FD51300778578 /* MapViewController.m */ = {isa = PBXFileReference; fileEncoding = 4; lastKnownFileType = sourcecode.c.objc; path = MapViewController.m; sourceTree = "<group>"; };
		F4EECF6F177FE9B400778578 /* CoreLocation.framework */ = {isa = PBXFileReference; lastKnownFileType = wrapper.framework; name = CoreLocation.framework; path = System/Library/Frameworks/CoreLocation.framework; sourceTree = SDKROOT; };
		F4EECF71177FE9BA00778578 /* MapKit.framework */ = {isa = PBXFileReference; lastKnownFileType = wrapper.framework; name = MapKit.framework; path = System/Library/Frameworks/MapKit.framework; sourceTree = SDKROOT; };
		F4EECF73177FF90500778578 /* PhotoViewController.h */ = {isa = PBXFileReference; fileEncoding = 4; lastKnownFileType = sourcecode.c.h; path = PhotoViewController.h; sourceTree = "<group>"; };
		F4EECF74177FF90600778578 /* PhotoViewController.m */ = {isa = PBXFileReference; fileEncoding = 4; lastKnownFileType = sourcecode.c.objc; path = PhotoViewController.m; sourceTree = "<group>"; };
		F4FE87F91780081300CB3DA8 /* comments_photo.jpg */ = {isa = PBXFileReference; lastKnownFileType = image.jpeg; path = comments_photo.jpg; sourceTree = "<group>"; };
		F4FE87FA1780081300CB3DA8 /* wishlist_photo.jpg */ = {isa = PBXFileReference; lastKnownFileType = image.jpeg; path = wishlist_photo.jpg; sourceTree = "<group>"; };
		F4FE87FD178010F000CB3DA8 /* bookmark_photo.jpg */ = {isa = PBXFileReference; lastKnownFileType = image.jpeg; path = bookmark_photo.jpg; sourceTree = "<group>"; };
		F4FE87FE178010F000CB3DA8 /* calendar_photo.jpg */ = {isa = PBXFileReference; lastKnownFileType = image.jpeg; path = calendar_photo.jpg; sourceTree = "<group>"; };
		F4FE8801178010FA00CB3DA8 /* tag_photo.jpg */ = {isa = PBXFileReference; lastKnownFileType = image.jpeg; path = tag_photo.jpg; sourceTree = "<group>"; };
/* End PBXFileReference section */

/* Begin PBXFrameworksBuildPhase section */
		F4EECF0B177C99F400778578 /* Frameworks */ = {
			isa = PBXFrameworksBuildPhase;
			buildActionMask = 2147483647;
			files = (
				21BDB3311829E2EA000AA676 /* CoreMotion.framework in Frameworks */,
				D84D31A418258E5E0055F3A2 /* QuartzCore.framework in Frameworks */,
				D84D317F182576D60055F3A2 /* AVFoundation.framework in Frameworks */,
				F4EECF72177FE9BA00778578 /* MapKit.framework in Frameworks */,
				F4EECF70177FE9B400778578 /* CoreLocation.framework in Frameworks */,
				F4EECF12177C99F400778578 /* UIKit.framework in Frameworks */,
				F4EECF14177C99F400778578 /* Foundation.framework in Frameworks */,
				F4EECF16177C99F400778578 /* CoreGraphics.framework in Frameworks */,
			);
			runOnlyForDeploymentPostprocessing = 0;
		};
/* End PBXFrameworksBuildPhase section */

/* Begin PBXGroup section */
		21BDB3151829DF37000AA676 /* ARKit */ = {
			isa = PBXGroup;
			children = (
				21BDB3161829DF37000AA676 /* ARKit.h */,
				21BDB3171829DF37000AA676 /* ARKitConfig.h */,
				21BDB3181829DF37000AA676 /* ARKitConfig.m */,
				21BDB3191829DF37000AA676 /* ARKitEngine.h */,
				21BDB31A1829DF37000AA676 /* ARKitEngine.m */,
				21BDB31B1829DF37000AA676 /* ARViewDelegate.h */,
				21BDB31C1829DF37000AA676 /* LocalizationDelegate.h */,
				21BDB31D1829DF37000AA676 /* LocalizationHelper.h */,
				21BDB31E1829DF37000AA676 /* LocalizationHelper.m */,
				21BDB31F1829DF37000AA676 /* Model */,
				21BDB3221829DF37000AA676 /* View */,
			);
			path = ARKit;
			sourceTree = "<group>";
		};
		21BDB31F1829DF37000AA676 /* Model */ = {
			isa = PBXGroup;
			children = (
				21BDB3201829DF37000AA676 /* ARGeoCoordinate.h */,
				21BDB3211829DF37000AA676 /* ARGeoCoordinate.m */,
			);
			path = Model;
			sourceTree = "<group>";
		};
		21BDB3221829DF37000AA676 /* View */ = {
			isa = PBXGroup;
			children = (
				21BDB3231829DF37000AA676 /* ARObjectView.h */,
				21BDB3241829DF37000AA676 /* ARObjectView.m */,
				21BDB3251829DF37000AA676 /* RadarView.h */,
				21BDB3261829DF37000AA676 /* RadarView.m */,
			);
			path = View;
			sourceTree = "<group>";
		};
		D84D31771824AA9C0055F3A2 /* Meeting Page Tabs */ = {
			isa = PBXGroup;
			children = (
				D84D31781824AAED0055F3A2 /* DetailViewController.h */,
				D84D31791824AAED0055F3A2 /* DetailViewController.m */,
				D84D317B182574710055F3A2 /* MediaViewController.h */,
				D84D317C182574710055F3A2 /* MediaViewController.m */,
				D84D3180182589180055F3A2 /* NavigationViewController.h */,
				D84D3181182589180055F3A2 /* NavigationViewController.m */,
				D8E02D141826CDCA0027BD35 /* PeopleDetailViewController.h */,
				D8E02D151826CDCA0027BD35 /* PeopleDetailViewController.m */,
				D8E02D171826CF990027BD35 /* FilesDetailViewController.h */,
				D8E02D181826CF990027BD35 /* FilesDetailViewController.m */,
			);
			name = "Meeting Page Tabs";
			sourceTree = "<group>";
		};
		F4EECF05177C99F400778578 = {
			isa = PBXGroup;
			children = (
				21BD95A918231D9900A931D7 /* splash-568h@2x.png */,
				F4EECF71177FE9BA00778578 /* MapKit.framework */,
				F4EECF6F177FE9B400778578 /* CoreLocation.framework */,
				F4EECF17177C99F400778578 /* SidebarDemo */,
				F4EECF10177C99F400778578 /* Frameworks */,
				F4EECF0F177C99F400778578 /* Products */,
			);
			sourceTree = "<group>";
		};
		F4EECF0F177C99F400778578 /* Products */ = {
			isa = PBXGroup;
			children = (
				F4EECF0E177C99F400778578 /* FORCE.app */,
			);
			name = Products;
			sourceTree = "<group>";
		};
		F4EECF10177C99F400778578 /* Frameworks */ = {
			isa = PBXGroup;
			children = (
				21BDB3301829E2EA000AA676 /* CoreMotion.framework */,
				D84D31A318258E5E0055F3A2 /* QuartzCore.framework */,
				D84D317E182576D60055F3A2 /* AVFoundation.framework */,
				F4EECF11177C99F400778578 /* UIKit.framework */,
				F4EECF13177C99F400778578 /* Foundation.framework */,
				F4EECF15177C99F400778578 /* CoreGraphics.framework */,
			);
			name = Frameworks;
			sourceTree = "<group>";
		};
		F4EECF17177C99F400778578 /* SidebarDemo */ = {
			isa = PBXGroup;
			children = (
				21BDB33C1829E672000AA676 /* DetailView.xib */,
				D84D31771824AA9C0055F3A2 /* Meeting Page Tabs */,
				F4EECF20177C99F400778578 /* AppDelegate.h */,
				F4EECF21177C99F400778578 /* AppDelegate.m */,
				F4EECF34177C9A1E00778578 /* Library */,
				F4EECF29177C99F400778578 /* MainStoryboard.storyboard */,
				21C5AB301827643100925168 /* LoginViewController.h */,
				21C5AB311827643100925168 /* LoginViewController.m */,
				D84D3174182347560055F3A2 /* MeetingTabBarController.h */,
				D84D3175182347560055F3A2 /* MeetingTabBarController.m */,
				F4EECF2C177C99F400778578 /* MainViewController.h */,
				F4EECF2D177C99F400778578 /* MainViewController.m */,
				F4EECF6C177FD51300778578 /* MapViewController.h */,
				F4EECF6D177FD51300778578 /* MapViewController.m */,
				21D013C9181E1AA8005426F8 /* MeetingViewController.h */,
				21D013CA181E1AA8005426F8 /* MeetingViewController.m */,
				F4EECF73177FF90500778578 /* PhotoViewController.h */,
				F4EECF74177FF90600778578 /* PhotoViewController.m */,
				D84D31711821E83C0055F3A2 /* SearchViewController.h */,
				D84D31721821E83C0055F3A2 /* SearchViewController.m */,
				F4EECF48177DF87700778578 /* SidebarViewController.h */,
				F4EECF49177DF87700778578 /* SidebarViewController.m */,
				21D013C9181E1AA8005426F8 /* MeetingViewController.h */,
				21D013CA181E1AA8005426F8 /* MeetingViewController.m */,
				088A986018234CCE001B1602 /* DataClass.h */,
				088A986118234CCE001B1602 /* DataClass.m */,
				08C0345218247D3800D749C7 /* Meeting.h */,
				08C0345318247D3800D749C7 /* Meeting.m */,
				08C034551824A99300D749C7 /* Person.h */,
				08C034561824A99300D749C7 /* Person.m */,
				08C034581824AD4B00D749C7 /* File.h */,
				08C034591824AD4B00D749C7 /* File.m */,
				F4EECF18177C99F400778578 /* Supporting Files */,
				D8E02D0A1826B0A30027BD35 /* PeopleViewController.h */,
				D8E02D0B1826B0A30027BD35 /* PeopleViewController.m */,
				D8E02D0D1826BDBC0027BD35 /* FilesViewController.h */,
				D8E02D0E1826BDBC0027BD35 /* FilesViewController.m */,
				08ABEE3A18284645002B46FB /* AboutViewController.h */,
				08ABEE3B18284645002B46FB /* AboutViewController.m */,
				D8E02D1E182896AB0027BD35 /* PersonViewController.h */,
				D8E02D1F182896AB0027BD35 /* PersonViewController.m */,
				0820AC23182B363800F7B9E9 /* SettingsViewController.h */,
				0820AC24182B363800F7B9E9 /* SettingsViewController.m */,
			);
			path = SidebarDemo;
			sourceTree = "<group>";
		};
		F4EECF18177C99F400778578 /* Supporting Files */ = {
			isa = PBXGroup;
			children = (
				D8969AC3182B23110031A369 /* pdf-32.png */,
				D8969AC4182B23110031A369 /* txt-32.png */,
				D8969AC1182B215B0031A369 /* camera-icon.png */,
				D8969ABF1829F7390031A369 /* near_me-128.png */,
				D8E02D1C18273D6C0027BD35 /* txt-icon.png */,
				D8E02D1A18273D350027BD35 /* pdf-icon.png */,
				D8E02D121826C4E40027BD35 /* Person.txt */,
				D8E02D101826C28E0027BD35 /* force.pdf */,
				F4EECF53177F37CB00778578 /* Images */,
				F4EECF19177C99F400778578 /* FORCE-Info.plist */,
				F4EECF1A177C99F400778578 /* InfoPlist.strings */,
				F4EECF1D177C99F400778578 /* main.m */,
				F4EECF1F177C99F400778578 /* FORCE-Prefix.pch */,
				F4EECF23177C99F400778578 /* Default.png */,
				F4EECF25177C99F400778578 /* Default@2x.png */,
				F4EECF27177C99F400778578 /* Default-568h@2x.png */,
			);
			name = "Supporting Files";
			sourceTree = "<group>";
		};
		F4EECF34177C9A1E00778578 /* Library */ = {
			isa = PBXGroup;
			children = (
				21BDB32D1829DFC2000AA676 /* DetailView.h */,
				21BDB32E1829DFC2000AA676 /* DetailView.m */,
				21BDB3151829DF37000AA676 /* ARKit */,
				21FD9593181844BA00E50963 /* SWRevealViewController.h */,
				21FD9594181844BA00E50963 /* SWRevealViewController.m */,
			);
			name = Library;
			sourceTree = "<group>";
		};
		F4EECF53177F37CB00778578 /* Images */ = {
			isa = PBXGroup;
			children = (
				08EA44C9182B330F0065DAEA /* google (1).png */,
				08EA44CA182B330F0065DAEA /* linkedin (1).png */,
				08EA44BE182B04A20065DAEA /* button-linkedin.jpg */,
				08EA44BF182B04A20065DAEA /* google.jpg */,
				21BDB3381829E547000AA676 /* radar_dot.png */,
				21BDB3391829E547000AA676 /* radar.png */,
				21BDB3321829E53B000AA676 /* arrow.png */,
				21BDB3331829E53B000AA676 /* box.png */,
				21BDB3341829E53B000AA676 /* close.png */,
				2103C00D182741670061FBB9 /* InfoPage_Details_Icon.png */,
				2103C00E182741670061FBB9 /* InfoPage_Extras_Icon.png */,
				2103C00F182741670061FBB9 /* InfoPage_Files_Icon.png */,
				2103C010182741670061FBB9 /* InfoPage_Location_Icon.png */,
				2103C011182741670061FBB9 /* InfoPage_People_Icon.png */,
				2103C012182741670061FBB9 /* l_bolt.png */,
				2103BFF9182741550061FBB9 /* Nav_About_Icon.png */,
				2103BFFA182741550061FBB9 /* Nav_Archive_Icon.png */,
				2103BFFB182741550061FBB9 /* Nav_Dash_Icon.png */,
				2103BFFC182741550061FBB9 /* Nav_Files_Icon.png */,
				2103BFFD182741550061FBB9 /* Nav_Icon.png */,
				2103BFFE182741550061FBB9 /* Nav_People_Icon.png */,
				2103BFFF182741550061FBB9 /* Nav_Settings_Icon.png */,
				2103C000182741550061FBB9 /* Search_Location_Icon.png */,
				2103C001182741550061FBB9 /* Search_Magnify_Icon.png */,
				2103C002182741550061FBB9 /* Search_X_Icon.png */,
				21BD95A118231BA900A931D7 /* Icon_60x60.png */,
				21BD95A218231BA900A931D7 /* Icon_120x120.png */,
				21BD95A318231BA900A931D7 /* login.png */,
				21D013CC181F1287005426F8 /* user.png */,
				F4FE87F91780081300CB3DA8 /* comments_photo.jpg */,
				F4FE87FD178010F000CB3DA8 /* bookmark_photo.jpg */,
				F4FE8801178010FA00CB3DA8 /* tag_photo.jpg */,
				F4FE87FE178010F000CB3DA8 /* calendar_photo.jpg */,
				F4FE87FA1780081300CB3DA8 /* wishlist_photo.jpg */,
				F4EECF68177F4C0200778578 /* menu.png */,
				F4EECF69177F4C0200778578 /* menu@2x.png */,
				F4EECF65177F4AB000778578 /* nav_bg.png */,
				F4EECF54177F384900778578 /* bookmark.png */,
				F4EECF55177F384900778578 /* calendar.png */,
				F4EECF56177F384900778578 /* comments.png */,
				F4EECF57177F384900778578 /* map.png */,
				F4EECF58177F384900778578 /* news.png */,
				F4EECF59177F384900778578 /* photo.png */,
				F4EECF62177F3CAB00778578 /* tag.png */,
				F4EECF5A177F384900778578 /* wishlist.png */,
			);
			name = Images;
			sourceTree = "<group>";
		};
/* End PBXGroup section */

/* Begin PBXNativeTarget section */
		F4EECF0D177C99F400778578 /* FORCE */ = {
			isa = PBXNativeTarget;
			buildConfigurationList = F4EECF31177C99F400778578 /* Build configuration list for PBXNativeTarget "FORCE" */;
			buildPhases = (
				F4EECF0A177C99F400778578 /* Sources */,
				F4EECF0B177C99F400778578 /* Frameworks */,
				F4EECF0C177C99F400778578 /* Resources */,
			);
			buildRules = (
			);
			dependencies = (
			);
			name = FORCE;
			productName = SidebarDemo;
			productReference = F4EECF0E177C99F400778578 /* FORCE.app */;
			productType = "com.apple.product-type.application";
		};
/* End PBXNativeTarget section */

/* Begin PBXProject section */
		F4EECF06177C99F400778578 /* Project object */ = {
			isa = PBXProject;
			attributes = {
				LastUpgradeCheck = 0460;
				ORGANIZATIONNAME = "Middle Tennessee State University";
			};
			buildConfigurationList = F4EECF09177C99F400778578 /* Build configuration list for PBXProject "FORCE" */;
			compatibilityVersion = "Xcode 3.2";
			developmentRegion = English;
			hasScannedForEncodings = 0;
			knownRegions = (
				en,
			);
			mainGroup = F4EECF05177C99F400778578;
			productRefGroup = F4EECF0F177C99F400778578 /* Products */;
			projectDirPath = "";
			projectRoot = "";
			targets = (
				F4EECF0D177C99F400778578 /* FORCE */,
			);
		};
/* End PBXProject section */

/* Begin PBXResourcesBuildPhase section */
		F4EECF0C177C99F400778578 /* Resources */ = {
			isa = PBXResourcesBuildPhase;
			buildActionMask = 2147483647;
			files = (
				F4EECF1C177C99F400778578 /* InfoPlist.strings in Resources */,
				2103C003182741550061FBB9 /* Nav_About_Icon.png in Resources */,
				08EA44CB182B330F0065DAEA /* google (1).png in Resources */,
				21BD95A618231BA900A931D7 /* Icon_120x120.png in Resources */,
				21BDB3361829E53B000AA676 /* box.png in Resources */,
				21BDB3371829E53B000AA676 /* close.png in Resources */,
				2103C008182741550061FBB9 /* Nav_People_Icon.png in Resources */,
				F4EECF24177C99F400778578 /* Default.png in Resources */,
				D8969AC6182B23110031A369 /* txt-32.png in Resources */,
				F4EECF26177C99F400778578 /* Default@2x.png in Resources */,
				D8969AC5182B23110031A369 /* pdf-32.png in Resources */,
				F4EECF28177C99F400778578 /* Default-568h@2x.png in Resources */,
				2103C006182741550061FBB9 /* Nav_Files_Icon.png in Resources */,
				F4EECF2B177C99F400778578 /* MainStoryboard.storyboard in Resources */,
				F4EECF5B177F384900778578 /* bookmark.png in Resources */,
				F4EECF5C177F384900778578 /* calendar.png in Resources */,
				08EA44C1182B04A20065DAEA /* google.jpg in Resources */,
				F4EECF5D177F384900778578 /* comments.png in Resources */,
				F4EECF5E177F384900778578 /* map.png in Resources */,
				08EA44CC182B330F0065DAEA /* linkedin (1).png in Resources */,
				F4EECF5F177F384900778578 /* news.png in Resources */,
				D8969AC2182B215B0031A369 /* camera-icon.png in Resources */,
				21BD95AA18231D9900A931D7 /* splash-568h@2x.png in Resources */,
				21BD95A718231BA900A931D7 /* login.png in Resources */,
				2103C017182741670061FBB9 /* InfoPage_People_Icon.png in Resources */,
				2103C013182741670061FBB9 /* InfoPage_Details_Icon.png in Resources */,
				F4EECF60177F384900778578 /* photo.png in Resources */,
				2103C016182741670061FBB9 /* InfoPage_Location_Icon.png in Resources */,
				21BDB3351829E53B000AA676 /* arrow.png in Resources */,
				F4EECF61177F384900778578 /* wishlist.png in Resources */,
				F4EECF63177F3CAB00778578 /* tag.png in Resources */,
				2103C014182741670061FBB9 /* InfoPage_Extras_Icon.png in Resources */,
				2103C00A182741550061FBB9 /* Search_Location_Icon.png in Resources */,
				F4EECF67177F4AB000778578 /* nav_bg.png in Resources */,
				21D013CD181F1287005426F8 /* user.png in Resources */,
				2103C005182741550061FBB9 /* Nav_Dash_Icon.png in Resources */,
				F4EECF6A177F4C0200778578 /* menu.png in Resources */,
				F4EECF6B177F4C0200778578 /* menu@2x.png in Resources */,
				2103C004182741550061FBB9 /* Nav_Archive_Icon.png in Resources */,
				21BDB33D1829E672000AA676 /* DetailView.xib in Resources */,
				D8969AC01829F7390031A369 /* near_me-128.png in Resources */,
				F4FE87FB1780081300CB3DA8 /* comments_photo.jpg in Resources */,
				21BDB33B1829E547000AA676 /* radar.png in Resources */,
				D8E02D111826C28E0027BD35 /* force.pdf in Resources */,
				D8E02D1B18273D350027BD35 /* pdf-icon.png in Resources */,
				D8E02D1D18273D6C0027BD35 /* txt-icon.png in Resources */,
				F4FE87FC1780081300CB3DA8 /* wishlist_photo.jpg in Resources */,
				D8E02D131826C4E40027BD35 /* Person.txt in Resources */,
				F4FE87FF178010F000CB3DA8 /* bookmark_photo.jpg in Resources */,
				2103C018182741670061FBB9 /* l_bolt.png in Resources */,
				2103C00C182741550061FBB9 /* Search_X_Icon.png in Resources */,
				2103C007182741550061FBB9 /* Nav_Icon.png in Resources */,
				2103C015182741670061FBB9 /* InfoPage_Files_Icon.png in Resources */,
				F4FE8800178010F000CB3DA8 /* calendar_photo.jpg in Resources */,
				F4FE8802178010FA00CB3DA8 /* tag_photo.jpg in Resources */,
				08EA44C0182B04A20065DAEA /* button-linkedin.jpg in Resources */,
				21BDB33A1829E547000AA676 /* radar_dot.png in Resources */,
				2103C00B182741550061FBB9 /* Search_Magnify_Icon.png in Resources */,
				2103C009182741550061FBB9 /* Nav_Settings_Icon.png in Resources */,
				21BD95A518231BA900A931D7 /* Icon_60x60.png in Resources */,
			);
			runOnlyForDeploymentPostprocessing = 0;
		};
/* End PBXResourcesBuildPhase section */

/* Begin PBXSourcesBuildPhase section */
		F4EECF0A177C99F400778578 /* Sources */ = {
			isa = PBXSourcesBuildPhase;
			buildActionMask = 2147483647;
			files = (
				21BDB3291829DF37000AA676 /* LocalizationHelper.m in Sources */,
				21FD9595181844BA00E50963 /* SWRevealViewController.m in Sources */,
				08C0345418247D3800D749C7 /* Meeting.m in Sources */,
				0820AC25182B363800F7B9E9 /* SettingsViewController.m in Sources */,
				21BDB32C1829DF37000AA676 /* RadarView.m in Sources */,
				D84D3176182347560055F3A2 /* MeetingTabBarController.m in Sources */,
				D8E02D0C1826B0A30027BD35 /* PeopleViewController.m in Sources */,
				F4EECF1E177C99F400778578 /* main.m in Sources */,
				21D013CB181E1AA8005426F8 /* MeetingViewController.m in Sources */,
				08C0345A1824AD4B00D749C7 /* File.m in Sources */,
				F4EECF22177C99F400778578 /* AppDelegate.m in Sources */,
				D8E02D191826CF990027BD35 /* FilesDetailViewController.m in Sources */,
				21BDB3271829DF37000AA676 /* ARKitConfig.m in Sources */,
				D84D31731821E83C0055F3A2 /* SearchViewController.m in Sources */,
				21BDB32B1829DF37000AA676 /* ARObjectView.m in Sources */,
				D8E02D20182896AB0027BD35 /* PersonViewController.m in Sources */,
				F4EECF2E177C99F400778578 /* MainViewController.m in Sources */,
				088A986218234CCE001B1602 /* DataClass.m in Sources */,
				08C034571824A99300D749C7 /* Person.m in Sources */,
				D84D317A1824AAED0055F3A2 /* DetailViewController.m in Sources */,
				21BDB32A1829DF37000AA676 /* ARGeoCoordinate.m in Sources */,
				F4EECF4A177DF87700778578 /* SidebarViewController.m in Sources */,
				21BDB32F1829DFC2000AA676 /* DetailView.m in Sources */,
				D8E02D0F1826BDBC0027BD35 /* FilesViewController.m in Sources */,
				D84D3182182589180055F3A2 /* NavigationViewController.m in Sources */,
				F4EECF6E177FD51400778578 /* MapViewController.m in Sources */,
				08ABEE3C18284645002B46FB /* AboutViewController.m in Sources */,
				F4EECF75177FF90600778578 /* PhotoViewController.m in Sources */,
				D8E02D161826CDCA0027BD35 /* PeopleDetailViewController.m in Sources */,
				21C5AB321827643100925168 /* LoginViewController.m in Sources */,
				21BDB3281829DF37000AA676 /* ARKitEngine.m in Sources */,
				D84D317D182574710055F3A2 /* MediaViewController.m in Sources */,
			);
			runOnlyForDeploymentPostprocessing = 0;
		};
/* End PBXSourcesBuildPhase section */

/* Begin PBXVariantGroup section */
		F4EECF1A177C99F400778578 /* InfoPlist.strings */ = {
			isa = PBXVariantGroup;
			children = (
				F4EECF1B177C99F400778578 /* en */,
			);
			name = InfoPlist.strings;
			sourceTree = "<group>";
		};
		F4EECF29177C99F400778578 /* MainStoryboard.storyboard */ = {
			isa = PBXVariantGroup;
			children = (
				F4EECF2A177C99F400778578 /* en */,
			);
			name = MainStoryboard.storyboard;
			sourceTree = "<group>";
		};
/* End PBXVariantGroup section */

/* Begin XCBuildConfiguration section */
		F4EECF2F177C99F400778578 /* Debug */ = {
			isa = XCBuildConfiguration;
			buildSettings = {
				ALWAYS_SEARCH_USER_PATHS = NO;
				CLANG_CXX_LANGUAGE_STANDARD = "gnu++0x";
				CLANG_CXX_LIBRARY = "libc++";
				CLANG_ENABLE_OBJC_ARC = YES;
				CLANG_WARN_CONSTANT_CONVERSION = YES;
				CLANG_WARN_EMPTY_BODY = YES;
				CLANG_WARN_ENUM_CONVERSION = YES;
				CLANG_WARN_INT_CONVERSION = YES;
				CLANG_WARN__DUPLICATE_METHOD_MATCH = YES;
				"CODE_SIGN_IDENTITY[sdk=iphoneos*]" = "iPhone Developer";
				COPY_PHASE_STRIP = NO;
				GCC_C_LANGUAGE_STANDARD = gnu99;
				GCC_DYNAMIC_NO_PIC = NO;
				GCC_OPTIMIZATION_LEVEL = 0;
				GCC_PREPROCESSOR_DEFINITIONS = (
					"DEBUG=1",
					"$(inherited)",
				);
				GCC_SYMBOLS_PRIVATE_EXTERN = NO;
				GCC_WARN_ABOUT_RETURN_TYPE = YES;
				GCC_WARN_UNINITIALIZED_AUTOS = YES;
				GCC_WARN_UNUSED_VARIABLE = YES;
				IPHONEOS_DEPLOYMENT_TARGET = 6.1;
				ONLY_ACTIVE_ARCH = YES;
				SDKROOT = iphoneos;
			};
			name = Debug;
		};
		F4EECF30177C99F400778578 /* Release */ = {
			isa = XCBuildConfiguration;
			buildSettings = {
				ALWAYS_SEARCH_USER_PATHS = NO;
				CLANG_CXX_LANGUAGE_STANDARD = "gnu++0x";
				CLANG_CXX_LIBRARY = "libc++";
				CLANG_ENABLE_OBJC_ARC = YES;
				CLANG_WARN_CONSTANT_CONVERSION = YES;
				CLANG_WARN_EMPTY_BODY = YES;
				CLANG_WARN_ENUM_CONVERSION = YES;
				CLANG_WARN_INT_CONVERSION = YES;
				CLANG_WARN__DUPLICATE_METHOD_MATCH = YES;
				"CODE_SIGN_IDENTITY[sdk=iphoneos*]" = "iPhone Developer";
				COPY_PHASE_STRIP = YES;
				GCC_C_LANGUAGE_STANDARD = gnu99;
				GCC_WARN_ABOUT_RETURN_TYPE = YES;
				GCC_WARN_UNINITIALIZED_AUTOS = YES;
				GCC_WARN_UNUSED_VARIABLE = YES;
				IPHONEOS_DEPLOYMENT_TARGET = 6.1;
				OTHER_CFLAGS = "-DNS_BLOCK_ASSERTIONS=1";
				SDKROOT = iphoneos;
				VALIDATE_PRODUCT = YES;
			};
			name = Release;
		};
		F4EECF32177C99F400778578 /* Debug */ = {
			isa = XCBuildConfiguration;
			buildSettings = {
				GCC_PRECOMPILE_PREFIX_HEADER = YES;
				GCC_PREFIX_HEADER = "SidebarDemo/FORCE-Prefix.pch";
				INFOPLIST_FILE = "SidebarDemo/FORCE-Info.plist";
				IPHONEOS_DEPLOYMENT_TARGET = 7.0;
				PRODUCT_NAME = FORCE;
				WRAPPER_EXTENSION = app;
			};
			name = Debug;
		};
		F4EECF33177C99F400778578 /* Release */ = {
			isa = XCBuildConfiguration;
			buildSettings = {
				GCC_PRECOMPILE_PREFIX_HEADER = YES;
				GCC_PREFIX_HEADER = "SidebarDemo/FORCE-Prefix.pch";
				INFOPLIST_FILE = "SidebarDemo/FORCE-Info.plist";
				IPHONEOS_DEPLOYMENT_TARGET = 7.0;
				PRODUCT_NAME = FORCE;
				WRAPPER_EXTENSION = app;
			};
			name = Release;
		};
/* End XCBuildConfiguration section */

/* Begin XCConfigurationList section */
		F4EECF09177C99F400778578 /* Build configuration list for PBXProject "FORCE" */ = {
			isa = XCConfigurationList;
			buildConfigurations = (
				F4EECF2F177C99F400778578 /* Debug */,
				F4EECF30177C99F400778578 /* Release */,
			);
			defaultConfigurationIsVisible = 0;
			defaultConfigurationName = Release;
		};
		F4EECF31177C99F400778578 /* Build configuration list for PBXNativeTarget "FORCE" */ = {
			isa = XCConfigurationList;
			buildConfigurations = (
				F4EECF32177C99F400778578 /* Debug */,
				F4EECF33177C99F400778578 /* Release */,
			);
			defaultConfigurationIsVisible = 0;
			defaultConfigurationName = Release;
		};
/* End XCConfigurationList section */
	};
	rootObject = F4EECF06177C99F400778578 /* Project object */;
}
